
Microsoft Visual Studio Solution File, Format Version 12.00
# Visual Studio 15
VisualStudioVersion = 15.0.28307.852
MinimumVisualStudioVersion = 10.0.40219.1
Project("{FAE04EC0-301F-11D3-BF4B-00C04F79EFBC}") = "WindowsFormsApp3", "WindowsFormsApp3\WindowsFormsApp3.csproj", "{0E113871-1CB4-41C9-A0A9-16248B5106A7}"
EndProject
Global
	GlobalSection(SolutionConfigurationPlatforms) = preSolution
		Debug|Any CPU = Debug|Any CPU
		Release|Any CPU = Release|Any CPU
	EndGlobalSection
	GlobalSection(ProjectConfigurationPlatforms) = postSolution
		{0E113871-1CB4-41C9-A0A9-16248B5106A7}.Debug|Any CPU.ActiveCfg = Debug|Any CPU
		{0E113871-1CB4-41C9-A0A9-16248B5106A7}.Debug|Any CPU.Build.0 = Debug|Any CPU
		{0E113871-1CB4-41C9-A0A9-16248B5106A7}.Release|Any CPU.ActiveCfg = Release|Any CPU
		{0E113871-1CB4-41C9-A0A9-16248B5106A7}.Release|Any CPU.Build.0 = Release|Any CPU
	EndGlobalSection
	GlobalSection(SolutionProperties) = preSolution
		HideSolutionNode = FALSE
	EndGlobalSection
	GlobalSection(ExtensibilityGlobals) = postSolution
		SolutionGuid = {DECE0EE8-89E9-4840-A3F0-151DC4E981A9}
	EndGlobalSection
EndGlobal
